
Microsoft Visual Studio Solution File, Format Version 12.00
# Visual Studio Version 17
VisualStudioVersion = 17.9.34728.123
MinimumVisualStudioVersion = 10.0.40219.1
Project("{FAE04EC0-301F-11D3-BF4B-00C04F79EFBC}") = "AuthProvider", "AuthProvider\AuthProvider.csproj", "{34592B67-4456-4754-9B5D-84E4E547916A}"
EndProject
Global
	GlobalSection(SolutionConfigurationPlatforms) = preSolution
		Debug|Any CPU = Debug|Any CPU
		Release|Any CPU = Release|Any CPU
	EndGlobalSection
	GlobalSection(ProjectConfigurationPlatforms) = postSolution
		{34592B67-4456-4754-9B5D-84E4E547916A}.Debug|Any CPU.ActiveCfg = Debug|Any CPU
		{34592B67-4456-4754-9B5D-84E4E547916A}.Debug|Any CPU.Build.0 = Debug|Any CPU
		{34592B67-4456-4754-9B5D-84E4E547916A}.Release|Any CPU.ActiveCfg = Release|Any CPU
		{34592B67-4456-4754-9B5D-84E4E547916A}.Release|Any CPU.Build.0 = Release|Any CPU
	EndGlobalSection
	GlobalSection(SolutionProperties) = preSolution
		HideSolutionNode = FALSE
	EndGlobalSection
	GlobalSection(ExtensibilityGlobals) = postSolution
		SolutionGuid = {A62B23F7-FC04-47DD-B57B-FCD969A2FEBD}
	EndGlobalSection
EndGlobal
